
Microsoft Visual Studio Solution File, Format Version 12.00
# Visual Studio 15
VisualStudioVersion = 15.0.28307.757
MinimumVisualStudioVersion = 10.0.40219.1
Project("{888888A0-9F3D-457C-B088-3A5042F75D52}") = "creversi_gym", "creversi_gym.pyproj", "{D12CA316-1A4A-4DCF-916D-7164F85F2224}"
EndProject
Global
	GlobalSection(SolutionConfigurationPlatforms) = preSolution
		Debug|Any CPU = Debug|Any CPU
		Release|Any CPU = Release|Any CPU
	EndGlobalSection
	GlobalSection(ProjectConfigurationPlatforms) = postSolution
		{D12CA316-1A4A-4DCF-916D-7164F85F2224}.Debug|Any CPU.ActiveCfg = Debug|Any CPU
		{D12CA316-1A4A-4DCF-916D-7164F85F2224}.Release|Any CPU.ActiveCfg = Release|Any CPU
	EndGlobalSection
	GlobalSection(SolutionProperties) = preSolution
		HideSolutionNode = FALSE
	EndGlobalSection
	GlobalSection(ExtensibilityGlobals) = postSolution
		SolutionGuid = {A850FDCF-35DC-4A28-B290-6ABCF4541E36}
	EndGlobalSection
EndGlobal
